
Microsoft Visual Studio Solution File, Format Version 12.00
# Visual Studio Version 17
VisualStudioVersion = 17.10.35013.160
MinimumVisualStudioVersion = 10.0.40219.1
Project("{FAE04EC0-301F-11D3-BF4B-00C04F79EFBC}") = "Core", "Core\Core.csproj", "{F7B53C2D-9185-4189-B284-A104742EB18C}"
EndProject
Project("{FAE04EC0-301F-11D3-BF4B-00C04F79EFBC}") = "Business", "Business\Business.csproj", "{BBC439CB-DA35-4B5B-A316-28EB2B3C0808}"
EndProject
Project("{FAE04EC0-301F-11D3-BF4B-00C04F79EFBC}") = "DataAccess", "DataAccess\DataAccess.csproj", "{0DA5A461-C388-40B5-AF76-3C57DDBFC3C6}"
EndProject
Project("{FAE04EC0-301F-11D3-BF4B-00C04F79EFBC}") = "Entities", "Entities\Entities.csproj", "{6168F71B-ADD1-4BE2-BBAB-11E95E327985}"
EndProject
Project("{FAE04EC0-301F-11D3-BF4B-00C04F79EFBC}") = "WebAPI", "WebAPI\WebAPI.csproj", "{EAFE6990-56EF-462D-B6FF-0D86B3CAAD65}"
EndProject
Global
	GlobalSection(SolutionConfigurationPlatforms) = preSolution
		Debug|Any CPU = Debug|Any CPU
		Release|Any CPU = Release|Any CPU
	EndGlobalSection
	GlobalSection(ProjectConfigurationPlatforms) = postSolution
		{F7B53C2D-9185-4189-B284-A104742EB18C}.Debug|Any CPU.ActiveCfg = Debug|Any CPU
		{F7B53C2D-9185-4189-B284-A104742EB18C}.Debug|Any CPU.Build.0 = Debug|Any CPU
		{F7B53C2D-9185-4189-B284-A104742EB18C}.Release|Any CPU.ActiveCfg = Release|Any CPU
		{F7B53C2D-9185-4189-B284-A104742EB18C}.Release|Any CPU.Build.0 = Release|Any CPU
		{BBC439CB-DA35-4B5B-A316-28EB2B3C0808}.Debug|Any CPU.ActiveCfg = Debug|Any CPU
		{BBC439CB-DA35-4B5B-A316-28EB2B3C0808}.Debug|Any CPU.Build.0 = Debug|Any CPU
		{BBC439CB-DA35-4B5B-A316-28EB2B3C0808}.Release|Any CPU.ActiveCfg = Release|Any CPU
		{BBC439CB-DA35-4B5B-A316-28EB2B3C0808}.Release|Any CPU.Build.0 = Release|Any CPU
		{0DA5A461-C388-40B5-AF76-3C57DDBFC3C6}.Debug|Any CPU.ActiveCfg = Debug|Any CPU
		{0DA5A461-C388-40B5-AF76-3C57DDBFC3C6}.Debug|Any CPU.Build.0 = Debug|Any CPU
		{0DA5A461-C388-40B5-AF76-3C57DDBFC3C6}.Release|Any CPU.ActiveCfg = Release|Any CPU
		{0DA5A461-C388-40B5-AF76-3C57DDBFC3C6}.Release|Any CPU.Build.0 = Release|Any CPU
		{6168F71B-ADD1-4BE2-BBAB-11E95E327985}.Debug|Any CPU.ActiveCfg = Debug|Any CPU
		{6168F71B-ADD1-4BE2-BBAB-11E95E327985}.Debug|Any CPU.Build.0 = Debug|Any CPU
		{6168F71B-ADD1-4BE2-BBAB-11E95E327985}.Release|Any CPU.ActiveCfg = Release|Any CPU
		{6168F71B-ADD1-4BE2-BBAB-11E95E327985}.Release|Any CPU.Build.0 = Release|Any CPU
		{EAFE6990-56EF-462D-B6FF-0D86B3CAAD65}.Debug|Any CPU.ActiveCfg = Debug|Any CPU
		{EAFE6990-56EF-462D-B6FF-0D86B3CAAD65}.Debug|Any CPU.Build.0 = Debug|Any CPU
		{EAFE6990-56EF-462D-B6FF-0D86B3CAAD65}.Release|Any CPU.ActiveCfg = Release|Any CPU
		{EAFE6990-56EF-462D-B6FF-0D86B3CAAD65}.Release|Any CPU.Build.0 = Release|Any CPU
	EndGlobalSection
	GlobalSection(SolutionProperties) = preSolution
		HideSolutionNode = FALSE
	EndGlobalSection
	GlobalSection(ExtensibilityGlobals) = postSolution
		SolutionGuid = {541C9E47-8492-4EED-9876-99E0442F9C56}
	EndGlobalSection
EndGlobal
